
Microsoft Visual Studio Solution File, Format Version 12.00
# Visual Studio 15
VisualStudioVersion = 15.0.27130.2026
MinimumVisualStudioVersion = 10.0.40219.1
Project("{9A19103F-16F7-4668-BE54-9A1E7A4F7556}") = "CatalogAPI", "CatalogAPI\CatalogAPI.csproj", "{4807116D-7165-4A1A-A7A7-3EDE063DF5F6}"
EndProject
Project("{9A19103F-16F7-4668-BE54-9A1E7A4F7556}") = "CatalogDAL", "CatalogDAL\CatalogDAL.csproj", "{52833AA6-9FD0-4BA3-9DEF-8CC34805FCA5}"
EndProject
Global
	GlobalSection(SolutionConfigurationPlatforms) = preSolution
		Debug|Any CPU = Debug|Any CPU
		Release|Any CPU = Release|Any CPU
	EndGlobalSection
	GlobalSection(ProjectConfigurationPlatforms) = postSolution
		{4807116D-7165-4A1A-A7A7-3EDE063DF5F6}.Debug|Any CPU.ActiveCfg = Debug|Any CPU
		{4807116D-7165-4A1A-A7A7-3EDE063DF5F6}.Debug|Any CPU.Build.0 = Debug|Any CPU
		{4807116D-7165-4A1A-A7A7-3EDE063DF5F6}.Release|Any CPU.ActiveCfg = Release|Any CPU
		{4807116D-7165-4A1A-A7A7-3EDE063DF5F6}.Release|Any CPU.Build.0 = Release|Any CPU
		{52833AA6-9FD0-4BA3-9DEF-8CC34805FCA5}.Debug|Any CPU.ActiveCfg = Debug|Any CPU
		{52833AA6-9FD0-4BA3-9DEF-8CC34805FCA5}.Debug|Any CPU.Build.0 = Debug|Any CPU
		{52833AA6-9FD0-4BA3-9DEF-8CC34805FCA5}.Release|Any CPU.ActiveCfg = Release|Any CPU
		{52833AA6-9FD0-4BA3-9DEF-8CC34805FCA5}.Release|Any CPU.Build.0 = Release|Any CPU
	EndGlobalSection
	GlobalSection(SolutionProperties) = preSolution
		HideSolutionNode = FALSE
	EndGlobalSection
	GlobalSection(ExtensibilityGlobals) = postSolution
		SolutionGuid = {23276176-AA56-4F66-BF02-35434A3EAA8A}
	EndGlobalSection
EndGlobal
